
Microsoft Visual Studio Solution File, Format Version 12.00
# Visual Studio Version 17
VisualStudioVersion = 17.0.31903.59
MinimumVisualStudioVersion = 10.0.40219.1
Project("{F2A71F9B-5D33-465A-A702-920D77279786}") = "AdventUtilities", "AdventUtilities\AdventUtilities.fsproj", "{BCC996D0-0802-46B3-B8EB-1AA3486DDDC8}"
EndProject
Project("{F2A71F9B-5D33-465A-A702-920D77279786}") = "Day01", "Day01\Day01.fsproj", "{92BC45F5-9075-4329-BBF5-B309E901D861}"
EndProject
Project("{F2A71F9B-5D33-465A-A702-920D77279786}") = "Day02", "Day02\Day02.fsproj", "{2A0EB42A-D833-455B-A9E4-B8A9BDD772C8}"
EndProject
Project("{F2A71F9B-5D33-465A-A702-920D77279786}") = "Day03", "Day03\Day03.fsproj", "{5CBF7ACF-4667-4B5C-BA5C-F69F084F1C71}"
EndProject
Project("{F2A71F9B-5D33-465A-A702-920D77279786}") = "Day04", "Day04\Day04.fsproj", "{6EB95908-6FC0-4ECE-881E-95DC9599ED28}"
EndProject
Project("{F2A71F9B-5D33-465A-A702-920D77279786}") = "Day05", "Day05\Day05.fsproj", "{17DDB548-92EC-44A8-8A15-861DAB61A29D}"
EndProject
Project("{F2A71F9B-5D33-465A-A702-920D77279786}") = "Day06", "Day06\Day06.fsproj", "{845884BE-C77E-4F53-B1A5-DB23F1D2F91D}"
EndProject
Project("{F2A71F9B-5D33-465A-A702-920D77279786}") = "Day07", "Day07\Day07.fsproj", "{C9391FD3-FF9C-4E44-BC41-5C9AEAD4F9EC}"
EndProject
Project("{F2A71F9B-5D33-465A-A702-920D77279786}") = "Day08", "Day08\Day08.fsproj", "{9B0F9F73-566A-40DF-85E6-1FE57CC727A7}"
EndProject
Project("{F2A71F9B-5D33-465A-A702-920D77279786}") = "Day09", "Day09\Day09.fsproj", "{29AA6DD2-C529-4AE8-97BC-0F9358789C79}"
EndProject
Project("{F2A71F9B-5D33-465A-A702-920D77279786}") = "Day10", "Day10\Day10.fsproj", "{06C26EA4-94E8-4958-8F41-0BE67FE9A926}"
EndProject
Project("{F2A71F9B-5D33-465A-A702-920D77279786}") = "Day11", "Day11\Day11.fsproj", "{A1F0E69E-53C2-4CA2-B72E-D3146415DBC7}"
EndProject
Project("{F2A71F9B-5D33-465A-A702-920D77279786}") = "Day12", "Day12\Day12.fsproj", "{140C9F98-5EB6-442D-A013-ECE0E746EA0E}"
EndProject
Global
	GlobalSection(SolutionConfigurationPlatforms) = preSolution
		Debug|Any CPU = Debug|Any CPU
		Debug|x64 = Debug|x64
		Debug|x86 = Debug|x86
		Release|Any CPU = Release|Any CPU
		Release|x64 = Release|x64
		Release|x86 = Release|x86
	EndGlobalSection
	GlobalSection(ProjectConfigurationPlatforms) = postSolution
		{BCC996D0-0802-46B3-B8EB-1AA3486DDDC8}.Debug|Any CPU.ActiveCfg = Debug|Any CPU
		{BCC996D0-0802-46B3-B8EB-1AA3486DDDC8}.Debug|Any CPU.Build.0 = Debug|Any CPU
		{BCC996D0-0802-46B3-B8EB-1AA3486DDDC8}.Debug|x64.ActiveCfg = Debug|Any CPU
		{BCC996D0-0802-46B3-B8EB-1AA3486DDDC8}.Debug|x64.Build.0 = Debug|Any CPU
		{BCC996D0-0802-46B3-B8EB-1AA3486DDDC8}.Debug|x86.ActiveCfg = Debug|Any CPU
		{BCC996D0-0802-46B3-B8EB-1AA3486DDDC8}.Debug|x86.Build.0 = Debug|Any CPU
		{BCC996D0-0802-46B3-B8EB-1AA3486DDDC8}.Release|Any CPU.ActiveCfg = Release|Any CPU
		{BCC996D0-0802-46B3-B8EB-1AA3486DDDC8}.Release|Any CPU.Build.0 = Release|Any CPU
		{BCC996D0-0802-46B3-B8EB-1AA3486DDDC8}.Release|x64.ActiveCfg = Release|Any CPU
		{BCC996D0-0802-46B3-B8EB-1AA3486DDDC8}.Release|x64.Build.0 = Release|Any CPU
		{BCC996D0-0802-46B3-B8EB-1AA3486DDDC8}.Release|x86.ActiveCfg = Release|Any CPU
		{BCC996D0-0802-46B3-B8EB-1AA3486DDDC8}.Release|x86.Build.0 = Release|Any CPU
		{92BC45F5-9075-4329-BBF5-B309E901D861}.Debug|Any CPU.ActiveCfg = Debug|Any CPU
		{92BC45F5-9075-4329-BBF5-B309E901D861}.Debug|Any CPU.Build.0 = Debug|Any CPU
		{92BC45F5-9075-4329-BBF5-B309E901D861}.Debug|x64.ActiveCfg = Debug|Any CPU
		{92BC45F5-9075-4329-BBF5-B309E901D861}.Debug|x64.Build.0 = Debug|Any CPU
		{92BC45F5-9075-4329-BBF5-B309E901D861}.Debug|x86.ActiveCfg = Debug|Any CPU
		{92BC45F5-9075-4329-BBF5-B309E901D861}.Debug|x86.Build.0 = Debug|Any CPU
		{92BC45F5-9075-4329-BBF5-B309E901D861}.Release|Any CPU.ActiveCfg = Release|Any CPU
		{92BC45F5-9075-4329-BBF5-B309E901D861}.Release|Any CPU.Build.0 = Release|Any CPU
		{92BC45F5-9075-4329-BBF5-B309E901D861}.Release|x64.ActiveCfg = Release|Any CPU
		{92BC45F5-9075-4329-BBF5-B309E901D861}.Release|x64.Build.0 = Release|Any CPU
		{92BC45F5-9075-4329-BBF5-B309E901D861}.Release|x86.ActiveCfg = Release|Any CPU
		{92BC45F5-9075-4329-BBF5-B309E901D861}.Release|x86.Build.0 = Release|Any CPU
		{2A0EB42A-D833-455B-A9E4-B8A9BDD772C8}.Debug|Any CPU.ActiveCfg = Debug|Any CPU
		{2A0EB42A-D833-455B-A9E4-B8A9BDD772C8}.Debug|Any CPU.Build.0 = Debug|Any CPU
		{2A0EB42A-D833-455B-A9E4-B8A9BDD772C8}.Debug|x64.ActiveCfg = Debug|Any CPU
		{2A0EB42A-D833-455B-A9E4-B8A9BDD772C8}.Debug|x64.Build.0 = Debug|Any CPU
		{2A0EB42A-D833-455B-A9E4-B8A9BDD772C8}.Debug|x86.ActiveCfg = Debug|Any CPU
		{2A0EB42A-D833-455B-A9E4-B8A9BDD772C8}.Debug|x86.Build.0 = Debug|Any CPU
		{2A0EB42A-D833-455B-A9E4-B8A9BDD772C8}.Release|Any CPU.ActiveCfg = Release|Any CPU
		{2A0EB42A-D833-455B-A9E4-B8A9BDD772C8}.Release|Any CPU.Build.0 = Release|Any CPU
		{2A0EB42A-D833-455B-A9E4-B8A9BDD772C8}.Release|x64.ActiveCfg = Release|Any CPU
		{2A0EB42A-D833-455B-A9E4-B8A9BDD772C8}.Release|x64.Build.0 = Release|Any CPU
		{2A0EB42A-D833-455B-A9E4-B8A9BDD772C8}.Release|x86.ActiveCfg = Release|Any CPU
		{2A0EB42A-D833-455B-A9E4-B8A9BDD772C8}.Release|x86.Build.0 = Release|Any CPU
		{5CBF7ACF-4667-4B5C-BA5C-F69F084F1C71}.Debug|Any CPU.ActiveCfg = Debug|Any CPU
		{5CBF7ACF-4667-4B5C-BA5C-F69F084F1C71}.Debug|Any CPU.Build.0 = Debug|Any CPU
		{5CBF7ACF-4667-4B5C-BA5C-F69F084F1C71}.Debug|x64.ActiveCfg = Debug|Any CPU
		{5CBF7ACF-4667-4B5C-BA5C-F69F084F1C71}.Debug|x64.Build.0 = Debug|Any CPU
		{5CBF7ACF-4667-4B5C-BA5C-F69F084F1C71}.Debug|x86.ActiveCfg = Debug|Any CPU
		{5CBF7ACF-4667-4B5C-BA5C-F69F084F1C71}.Debug|x86.Build.0 = Debug|Any CPU
		{5CBF7ACF-4667-4B5C-BA5C-F69F084F1C71}.Release|Any CPU.ActiveCfg = Release|Any CPU
		{5CBF7ACF-4667-4B5C-BA5C-F69F084F1C71}.Release|Any CPU.Build.0 = Release|Any CPU
		{5CBF7ACF-4667-4B5C-BA5C-F69F084F1C71}.Release|x64.ActiveCfg = Release|Any CPU
		{5CBF7ACF-4667-4B5C-BA5C-F69F084F1C71}.Release|x64.Build.0 = Release|Any CPU
		{5CBF7ACF-4667-4B5C-BA5C-F69F084F1C71}.Release|x86.ActiveCfg = Release|Any CPU
		{5CBF7ACF-4667-4B5C-BA5C-F69F084F1C71}.Release|x86.Build.0 = Release|Any CPU
		{6EB95908-6FC0-4ECE-881E-95DC9599ED28}.Debug|Any CPU.ActiveCfg = Debug|Any CPU
		{6EB95908-6FC0-4ECE-881E-95DC9599ED28}.Debug|Any CPU.Build.0 = Debug|Any CPU
		{6EB95908-6FC0-4ECE-881E-95DC9599ED28}.Debug|x64.ActiveCfg = Debug|Any CPU
		{6EB95908-6FC0-4ECE-881E-95DC9599ED28}.Debug|x64.Build.0 = Debug|Any CPU
		{6EB95908-6FC0-4ECE-881E-95DC9599ED28}.Debug|x86.ActiveCfg = Debug|Any CPU
		{6EB95908-6FC0-4ECE-881E-95DC9599ED28}.Debug|x86.Build.0 = Debug|Any CPU
		{6EB95908-6FC0-4ECE-881E-95DC9599ED28}.Release|Any CPU.ActiveCfg = Release|Any CPU
		{6EB95908-6FC0-4ECE-881E-95DC9599ED28}.Release|Any CPU.Build.0 = Release|Any CPU
		{6EB95908-6FC0-4ECE-881E-95DC9599ED28}.Release|x64.ActiveCfg = Release|Any CPU
		{6EB95908-6FC0-4ECE-881E-95DC9599ED28}.Release|x64.Build.0 = Release|Any CPU
		{6EB95908-6FC0-4ECE-881E-95DC9599ED28}.Release|x86.ActiveCfg = Release|Any CPU
		{6EB95908-6FC0-4ECE-881E-95DC9599ED28}.Release|x86.Build.0 = Release|Any CPU
		{17DDB548-92EC-44A8-8A15-861DAB61A29D}.Debug|Any CPU.ActiveCfg = Debug|Any CPU
		{17DDB548-92EC-44A8-8A15-861DAB61A29D}.Debug|Any CPU.Build.0 = Debug|Any CPU
		{17DDB548-92EC-44A8-8A15-861DAB61A29D}.Debug|x64.ActiveCfg = Debug|Any CPU
		{17DDB548-92EC-44A8-8A15-861DAB61A29D}.Debug|x64.Build.0 = Debug|Any CPU
		{17DDB548-92EC-44A8-8A15-861DAB61A29D}.Debug|x86.ActiveCfg = Debug|Any CPU
		{17DDB548-92EC-44A8-8A15-861DAB61A29D}.Debug|x86.Build.0 = Debug|Any CPU
		{17DDB548-92EC-44A8-8A15-861DAB61A29D}.Release|Any CPU.ActiveCfg = Release|Any CPU
		{17DDB548-92EC-44A8-8A15-861DAB61A29D}.Release|Any CPU.Build.0 = Release|Any CPU
		{17DDB548-92EC-44A8-8A15-861DAB61A29D}.Release|x64.ActiveCfg = Release|Any CPU
		{17DDB548-92EC-44A8-8A15-861DAB61A29D}.Release|x64.Build.0 = Release|Any CPU
		{17DDB548-92EC-44A8-8A15-861DAB61A29D}.Release|x86.ActiveCfg = Release|Any CPU
		{17DDB548-92EC-44A8-8A15-861DAB61A29D}.Release|x86.Build.0 = Release|Any CPU
		{845884BE-C77E-4F53-B1A5-DB23F1D2F91D}.Debug|Any CPU.ActiveCfg = Debug|Any CPU
		{845884BE-C77E-4F53-B1A5-DB23F1D2F91D}.Debug|Any CPU.Build.0 = Debug|Any CPU
		{845884BE-C77E-4F53-B1A5-DB23F1D2F91D}.Debug|x64.ActiveCfg = Debug|Any CPU
		{845884BE-C77E-4F53-B1A5-DB23F1D2F91D}.Debug|x64.Build.0 = Debug|Any CPU
		{845884BE-C77E-4F53-B1A5-DB23F1D2F91D}.Debug|x86.ActiveCfg = Debug|Any CPU
		{845884BE-C77E-4F53-B1A5-DB23F1D2F91D}.Debug|x86.Build.0 = Debug|Any CPU
		{845884BE-C77E-4F53-B1A5-DB23F1D2F91D}.Release|Any CPU.ActiveCfg = Release|Any CPU
		{845884BE-C77E-4F53-B1A5-DB23F1D2F91D}.Release|Any CPU.Build.0 = Release|Any CPU
		{845884BE-C77E-4F53-B1A5-DB23F1D2F91D}.Release|x64.ActiveCfg = Release|Any CPU
		{845884BE-C77E-4F53-B1A5-DB23F1D2F91D}.Release|x64.Build.0 = Release|Any CPU
		{845884BE-C77E-4F53-B1A5-DB23F1D2F91D}.Release|x86.ActiveCfg = Release|Any CPU
		{845884BE-C77E-4F53-B1A5-DB23F1D2F91D}.Release|x86.Build.0 = Release|Any CPU
		{C9391FD3-FF9C-4E44-BC41-5C9AEAD4F9EC}.Debug|Any CPU.ActiveCfg = Debug|Any CPU
		{C9391FD3-FF9C-4E44-BC41-5C9AEAD4F9EC}.Debug|Any CPU.Build.0 = Debug|Any CPU
		{C9391FD3-FF9C-4E44-BC41-5C9AEAD4F9EC}.Debug|x64.ActiveCfg = Debug|Any CPU
		{C9391FD3-FF9C-4E44-BC41-5C9AEAD4F9EC}.Debug|x64.Build.0 = Debug|Any CPU
		{C9391FD3-FF9C-4E44-BC41-5C9AEAD4F9EC}.Debug|x86.ActiveCfg = Debug|Any CPU
		{C9391FD3-FF9C-4E44-BC41-5C9AEAD4F9EC}.Debug|x86.Build.0 = Debug|Any CPU
		{C9391FD3-FF9C-4E44-BC41-5C9AEAD4F9EC}.Release|Any CPU.ActiveCfg = Release|Any CPU
		{C9391FD3-FF9C-4E44-BC41-5C9AEAD4F9EC}.Release|Any CPU.Build.0 = Release|Any CPU
		{C9391FD3-FF9C-4E44-BC41-5C9AEAD4F9EC}.Release|x64.ActiveCfg = Release|Any CPU
		{C9391FD3-FF9C-4E44-BC41-5C9AEAD4F9EC}.Release|x64.Build.0 = Release|Any CPU
		{C9391FD3-FF9C-4E44-BC41-5C9AEAD4F9EC}.Release|x86.ActiveCfg = Release|Any CPU
		{C9391FD3-FF9C-4E44-BC41-5C9AEAD4F9EC}.Release|x86.Build.0 = Release|Any CPU
		{9B0F9F73-566A-40DF-85E6-1FE57CC727A7}.Debug|Any CPU.ActiveCfg = Debug|Any CPU
		{9B0F9F73-566A-40DF-85E6-1FE57CC727A7}.Debug|Any CPU.Build.0 = Debug|Any CPU
		{9B0F9F73-566A-40DF-85E6-1FE57CC727A7}.Debug|x64.ActiveCfg = Debug|Any CPU
		{9B0F9F73-566A-40DF-85E6-1FE57CC727A7}.Debug|x64.Build.0 = Debug|Any CPU
		{9B0F9F73-566A-40DF-85E6-1FE57CC727A7}.Debug|x86.ActiveCfg = Debug|Any CPU
		{9B0F9F73-566A-40DF-85E6-1FE57CC727A7}.Debug|x86.Build.0 = Debug|Any CPU
		{9B0F9F73-566A-40DF-85E6-1FE57CC727A7}.Release|Any CPU.ActiveCfg = Release|Any CPU
		{9B0F9F73-566A-40DF-85E6-1FE57CC727A7}.Release|Any CPU.Build.0 = Release|Any CPU
		{9B0F9F73-566A-40DF-85E6-1FE57CC727A7}.Release|x64.ActiveCfg = Release|Any CPU
		{9B0F9F73-566A-40DF-85E6-1FE57CC727A7}.Release|x64.Build.0 = Release|Any CPU
		{9B0F9F73-566A-40DF-85E6-1FE57CC727A7}.Release|x86.ActiveCfg = Release|Any CPU
		{9B0F9F73-566A-40DF-85E6-1FE57CC727A7}.Release|x86.Build.0 = Release|Any CPU
		{29AA6DD2-C529-4AE8-97BC-0F9358789C79}.Debug|Any CPU.ActiveCfg = Debug|Any CPU
		{29AA6DD2-C529-4AE8-97BC-0F9358789C79}.Debug|Any CPU.Build.0 = Debug|Any CPU
		{29AA6DD2-C529-4AE8-97BC-0F9358789C79}.Debug|x64.ActiveCfg = Debug|Any CPU
		{29AA6DD2-C529-4AE8-97BC-0F9358789C79}.Debug|x64.Build.0 = Debug|Any CPU
		{29AA6DD2-C529-4AE8-97BC-0F9358789C79}.Debug|x86.ActiveCfg = Debug|Any CPU
		{29AA6DD2-C529-4AE8-97BC-0F9358789C79}.Debug|x86.Build.0 = Debug|Any CPU
		{29AA6DD2-C529-4AE8-97BC-0F9358789C79}.Release|Any CPU.ActiveCfg = Release|Any CPU
		{29AA6DD2-C529-4AE8-97BC-0F9358789C79}.Release|Any CPU.Build.0 = Release|Any CPU
		{29AA6DD2-C529-4AE8-97BC-0F9358789C79}.Release|x64.ActiveCfg = Release|Any CPU
		{29AA6DD2-C529-4AE8-97BC-0F9358789C79}.Release|x64.Build.0 = Release|Any CPU
		{29AA6DD2-C529-4AE8-97BC-0F9358789C79}.Release|x86.ActiveCfg = Release|Any CPU
		{29AA6DD2-C529-4AE8-97BC-0F9358789C79}.Release|x86.Build.0 = Release|Any CPU
		{06C26EA4-94E8-4958-8F41-0BE67FE9A926}.Debug|Any CPU.ActiveCfg = Debug|Any CPU
		{06C26EA4-94E8-4958-8F41-0BE67FE9A926}.Debug|Any CPU.Build.0 = Debug|Any CPU
		{06C26EA4-94E8-4958-8F41-0BE67FE9A926}.Debug|x64.ActiveCfg = Debug|Any CPU
		{06C26EA4-94E8-4958-8F41-0BE67FE9A926}.Debug|x64.Build.0 = Debug|Any CPU
		{06C26EA4-94E8-4958-8F41-0BE67FE9A926}.Debug|x86.ActiveCfg = Debug|Any CPU
		{06C26EA4-94E8-4958-8F41-0BE67FE9A926}.Debug|x86.Build.0 = Debug|Any CPU
		{06C26EA4-94E8-4958-8F41-0BE67FE9A926}.Release|Any CPU.ActiveCfg = Release|Any CPU
		{06C26EA4-94E8-4958-8F41-0BE67FE9A926}.Release|Any CPU.Build.0 = Release|Any CPU
		{06C26EA4-94E8-4958-8F41-0BE67FE9A926}.Release|x64.ActiveCfg = Release|Any CPU
		{06C26EA4-94E8-4958-8F41-0BE67FE9A926}.Release|x64.Build.0 = Release|Any CPU
		{06C26EA4-94E8-4958-8F41-0BE67FE9A926}.Release|x86.ActiveCfg = Release|Any CPU
		{06C26EA4-94E8-4958-8F41-0BE67FE9A926}.Release|x86.Build.0 = Release|Any CPU
		{A1F0E69E-53C2-4CA2-B72E-D3146415DBC7}.Debug|Any CPU.ActiveCfg = Debug|Any CPU
		{A1F0E69E-53C2-4CA2-B72E-D3146415DBC7}.Debug|Any CPU.Build.0 = Debug|Any CPU
		{A1F0E69E-53C2-4CA2-B72E-D3146415DBC7}.Debug|x64.ActiveCfg = Debug|Any CPU
		{A1F0E69E-53C2-4CA2-B72E-D3146415DBC7}.Debug|x64.Build.0 = Debug|Any CPU
		{A1F0E69E-53C2-4CA2-B72E-D3146415DBC7}.Debug|x86.ActiveCfg = Debug|Any CPU
		{A1F0E69E-53C2-4CA2-B72E-D3146415DBC7}.Debug|x86.Build.0 = Debug|Any CPU
		{A1F0E69E-53C2-4CA2-B72E-D3146415DBC7}.Release|Any CPU.ActiveCfg = Release|Any CPU
		{A1F0E69E-53C2-4CA2-B72E-D3146415DBC7}.Release|Any CPU.Build.0 = Release|Any CPU
		{A1F0E69E-53C2-4CA2-B72E-D3146415DBC7}.Release|x64.ActiveCfg = Release|Any CPU
		{A1F0E69E-53C2-4CA2-B72E-D3146415DBC7}.Release|x64.Build.0 = Release|Any CPU
		{A1F0E69E-53C2-4CA2-B72E-D3146415DBC7}.Release|x86.ActiveCfg = Release|Any CPU
		{A1F0E69E-53C2-4CA2-B72E-D3146415DBC7}.Release|x86.Build.0 = Release|Any CPU
		{140C9F98-5EB6-442D-A013-ECE0E746EA0E}.Debug|Any CPU.ActiveCfg = Debug|Any CPU
		{140C9F98-5EB6-442D-A013-ECE0E746EA0E}.Debug|Any CPU.Build.0 = Debug|Any CPU
		{140C9F98-5EB6-442D-A013-ECE0E746EA0E}.Debug|x64.ActiveCfg = Debug|Any CPU
		{140C9F98-5EB6-442D-A013-ECE0E746EA0E}.Debug|x64.Build.0 = Debug|Any CPU
		{140C9F98-5EB6-442D-A013-ECE0E746EA0E}.Debug|x86.ActiveCfg = Debug|Any CPU
		{140C9F98-5EB6-442D-A013-ECE0E746EA0E}.Debug|x86.Build.0 = Debug|Any CPU
		{140C9F98-5EB6-442D-A013-ECE0E746EA0E}.Release|Any CPU.ActiveCfg = Release|Any CPU
		{140C9F98-5EB6-442D-A013-ECE0E746EA0E}.Release|Any CPU.Build.0 = Release|Any CPU
		{140C9F98-5EB6-442D-A013-ECE0E746EA0E}.Release|x64.ActiveCfg = Release|Any CPU
		{140C9F98-5EB6-442D-A013-ECE0E746EA0E}.Release|x64.Build.0 = Release|Any CPU
		{140C9F98-5EB6-442D-A013-ECE0E746EA0E}.Release|x86.ActiveCfg = Release|Any CPU
		{140C9F98-5EB6-442D-A013-ECE0E746EA0E}.Release|x86.Build.0 = Release|Any CPU
	EndGlobalSection
	GlobalSection(SolutionProperties) = preSolution
		HideSolutionNode = FALSE
	EndGlobalSection
EndGlobal
