
Microsoft Visual Studio Solution File, Format Version 12.00
# Visual Studio Version 17
VisualStudioVersion = 17.0.31903.59
MinimumVisualStudioVersion = 10.0.40219.1
Project("{F2A71F9B-5D33-465A-A702-920D77279786}") = "AdventUtilities", "AdventUtilities\AdventUtilities.fsproj", "{BCC996D0-0802-46B3-B8EB-1AA3486DDDC8}"
EndProject
Project("{F2A71F9B-5D33-465A-A702-920D77279786}") = "Day01.Part1", "Day01.Part1\Day01.Part1.fsproj", "{8C6D6CD0-A2D9-4451-A65A-0E988F828A24}"
EndProject
Project("{F2A71F9B-5D33-465A-A702-920D77279786}") = "Day01.Part2", "Day01.Part2\Day01.Part2.fsproj", "{08DC67EE-27A1-4E80-AEB9-DF9C7E5AE4F0}"
EndProject
Project("{F2A71F9B-5D33-465A-A702-920D77279786}") = "Day02.Part1", "Day02.Part1\Day02.Part1.fsproj", "{E508555E-F472-43CA-9464-B225A05C0FD7}"
EndProject
Project("{F2A71F9B-5D33-465A-A702-920D77279786}") = "Day02.Part2", "Day02.Part2\Day02.Part2.fsproj", "{2B40DF2B-893D-4485-B43B-D56DCC26F3A8}"
EndProject
Project("{F2A71F9B-5D33-465A-A702-920D77279786}") = "Day03", "Day03\Day03.fsproj", "{5CBF7ACF-4667-4B5C-BA5C-F69F084F1C71}"
EndProject
Project("{F2A71F9B-5D33-465A-A702-920D77279786}") = "Day04", "Day04\Day04.fsproj", "{6EB95908-6FC0-4ECE-881E-95DC9599ED28}"
EndProject
Project("{F2A71F9B-5D33-465A-A702-920D77279786}") = "Day05", "Day05\Day05.fsproj", "{17DDB548-92EC-44A8-8A15-861DAB61A29D}"
EndProject
Project("{F2A71F9B-5D33-465A-A702-920D77279786}") = "Day06", "Day06\Day06.fsproj", "{845884BE-C77E-4F53-B1A5-DB23F1D2F91D}"
EndProject
Global
	GlobalSection(SolutionConfigurationPlatforms) = preSolution
		Debug|Any CPU = Debug|Any CPU
		Release|Any CPU = Release|Any CPU
	EndGlobalSection
	GlobalSection(SolutionProperties) = preSolution
		HideSolutionNode = FALSE
	EndGlobalSection
	GlobalSection(ProjectConfigurationPlatforms) = postSolution
		{BCC996D0-0802-46B3-B8EB-1AA3486DDDC8}.Debug|Any CPU.ActiveCfg = Debug|Any CPU
		{BCC996D0-0802-46B3-B8EB-1AA3486DDDC8}.Debug|Any CPU.Build.0 = Debug|Any CPU
		{BCC996D0-0802-46B3-B8EB-1AA3486DDDC8}.Release|Any CPU.ActiveCfg = Release|Any CPU
		{BCC996D0-0802-46B3-B8EB-1AA3486DDDC8}.Release|Any CPU.Build.0 = Release|Any CPU
		{8C6D6CD0-A2D9-4451-A65A-0E988F828A24}.Debug|Any CPU.ActiveCfg = Debug|Any CPU
		{8C6D6CD0-A2D9-4451-A65A-0E988F828A24}.Debug|Any CPU.Build.0 = Debug|Any CPU
		{8C6D6CD0-A2D9-4451-A65A-0E988F828A24}.Release|Any CPU.ActiveCfg = Release|Any CPU
		{8C6D6CD0-A2D9-4451-A65A-0E988F828A24}.Release|Any CPU.Build.0 = Release|Any CPU
		{08DC67EE-27A1-4E80-AEB9-DF9C7E5AE4F0}.Debug|Any CPU.ActiveCfg = Debug|Any CPU
		{08DC67EE-27A1-4E80-AEB9-DF9C7E5AE4F0}.Debug|Any CPU.Build.0 = Debug|Any CPU
		{08DC67EE-27A1-4E80-AEB9-DF9C7E5AE4F0}.Release|Any CPU.ActiveCfg = Release|Any CPU
		{08DC67EE-27A1-4E80-AEB9-DF9C7E5AE4F0}.Release|Any CPU.Build.0 = Release|Any CPU
		{E508555E-F472-43CA-9464-B225A05C0FD7}.Debug|Any CPU.ActiveCfg = Debug|Any CPU
		{E508555E-F472-43CA-9464-B225A05C0FD7}.Debug|Any CPU.Build.0 = Debug|Any CPU
		{E508555E-F472-43CA-9464-B225A05C0FD7}.Release|Any CPU.ActiveCfg = Release|Any CPU
		{E508555E-F472-43CA-9464-B225A05C0FD7}.Release|Any CPU.Build.0 = Release|Any CPU
		{2B40DF2B-893D-4485-B43B-D56DCC26F3A8}.Debug|Any CPU.ActiveCfg = Debug|Any CPU
		{2B40DF2B-893D-4485-B43B-D56DCC26F3A8}.Debug|Any CPU.Build.0 = Debug|Any CPU
		{2B40DF2B-893D-4485-B43B-D56DCC26F3A8}.Release|Any CPU.ActiveCfg = Release|Any CPU
		{2B40DF2B-893D-4485-B43B-D56DCC26F3A8}.Release|Any CPU.Build.0 = Release|Any CPU
		{5CBF7ACF-4667-4B5C-BA5C-F69F084F1C71}.Debug|Any CPU.ActiveCfg = Debug|Any CPU
		{5CBF7ACF-4667-4B5C-BA5C-F69F084F1C71}.Debug|Any CPU.Build.0 = Debug|Any CPU
		{5CBF7ACF-4667-4B5C-BA5C-F69F084F1C71}.Release|Any CPU.ActiveCfg = Release|Any CPU
		{5CBF7ACF-4667-4B5C-BA5C-F69F084F1C71}.Release|Any CPU.Build.0 = Release|Any CPU
		{6EB95908-6FC0-4ECE-881E-95DC9599ED28}.Debug|Any CPU.ActiveCfg = Debug|Any CPU
		{6EB95908-6FC0-4ECE-881E-95DC9599ED28}.Debug|Any CPU.Build.0 = Debug|Any CPU
		{6EB95908-6FC0-4ECE-881E-95DC9599ED28}.Release|Any CPU.ActiveCfg = Release|Any CPU
		{6EB95908-6FC0-4ECE-881E-95DC9599ED28}.Release|Any CPU.Build.0 = Release|Any CPU
		{17DDB548-92EC-44A8-8A15-861DAB61A29D}.Debug|Any CPU.ActiveCfg = Debug|Any CPU
		{17DDB548-92EC-44A8-8A15-861DAB61A29D}.Debug|Any CPU.Build.0 = Debug|Any CPU
		{17DDB548-92EC-44A8-8A15-861DAB61A29D}.Release|Any CPU.ActiveCfg = Release|Any CPU
		{17DDB548-92EC-44A8-8A15-861DAB61A29D}.Release|Any CPU.Build.0 = Release|Any CPU
		{845884BE-C77E-4F53-B1A5-DB23F1D2F91D}.Debug|Any CPU.ActiveCfg = Debug|Any CPU
		{845884BE-C77E-4F53-B1A5-DB23F1D2F91D}.Debug|Any CPU.Build.0 = Debug|Any CPU
		{845884BE-C77E-4F53-B1A5-DB23F1D2F91D}.Release|Any CPU.ActiveCfg = Release|Any CPU
		{845884BE-C77E-4F53-B1A5-DB23F1D2F91D}.Release|Any CPU.Build.0 = Release|Any CPU
	EndGlobalSection
EndGlobal
